
Microsoft Visual Studio Solution File, Format Version 12.00
# Visual Studio Version 17
VisualStudioVersion = 17.13.35931.197
MinimumVisualStudioVersion = 10.0.40219.1
Project("{FAE04EC0-301F-11D3-BF4B-00C04F79EFBC}") = "BestApp.X.Droid", "BestApp.Droid\BestApp.X.Droid.csproj", "{682CEABF-2FC3-4537-9000-3C038D9C7E15}"
EndProject
Project("{FAE04EC0-301F-11D3-BF4B-00C04F79EFBC}") = "BestApp.Abstraction.General", "BestApp.Abstraction\BestApp.Abstraction.General.csproj", "{D3E7A546-1510-475B-A074-BD1BAF656C0B}"
EndProject
Project("{FAE04EC0-301F-11D3-BF4B-00C04F79EFBC}") = "BestApp.Abstraction.Domain", "BestApp.Domain\BestApp.Abstraction.Domain.csproj", "{CA20A1D0-EB74-4865-91A5-B420815CF57E}"
EndProject
Project("{FAE04EC0-301F-11D3-BF4B-00C04F79EFBC}") = "BestApp.Impl.Cross", "BestApp.Impl\BestApp.Impl.Cross.csproj", "{A67D9F67-1784-4B82-9D25-EFFF57F051C8}"
EndProject
Project("{FAE04EC0-301F-11D3-BF4B-00C04F79EFBC}") = "BestApp.ViewModels", "BestApp.ViewModels\BestApp.ViewModels.csproj", "{3CBAB64E-9142-4173-9E2A-D76B6717795C}"
EndProject
Project("{FAE04EC0-301F-11D3-BF4B-00C04F79EFBC}") = "BestApp.Abstraction.Common", "Common.Abstrtactions\BestApp.Abstraction.Common.csproj", "{04EBA470-1DA9-42BD-AED9-E03C29E4E658}"
EndProject
Project("{FAE04EC0-301F-11D3-BF4B-00C04F79EFBC}") = "BestApp.Impl.Droid", "BestApp.Impl.Droid\BestApp.Impl.Droid.csproj", "{B8F1546C-0A3C-41FC-BD72-0A55D7C69B5D}"
EndProject
Project("{FAE04EC0-301F-11D3-BF4B-00C04F79EFBC}") = "UnitTest.ServiceImpl", "UnitTest.ServiceImpl\UnitTest.ServiceImpl.csproj", "{3893818B-08BF-4BF2-87C3-05D25167593C}"
EndProject
Global
	GlobalSection(SolutionConfigurationPlatforms) = preSolution
		Debug|Any CPU = Debug|Any CPU
		Release|Any CPU = Release|Any CPU
	EndGlobalSection
	GlobalSection(ProjectConfigurationPlatforms) = postSolution
		{682CEABF-2FC3-4537-9000-3C038D9C7E15}.Debug|Any CPU.ActiveCfg = Debug|Any CPU
		{682CEABF-2FC3-4537-9000-3C038D9C7E15}.Debug|Any CPU.Build.0 = Debug|Any CPU
		{682CEABF-2FC3-4537-9000-3C038D9C7E15}.Debug|Any CPU.Deploy.0 = Debug|Any CPU
		{682CEABF-2FC3-4537-9000-3C038D9C7E15}.Release|Any CPU.ActiveCfg = Release|Any CPU
		{682CEABF-2FC3-4537-9000-3C038D9C7E15}.Release|Any CPU.Build.0 = Release|Any CPU
		{682CEABF-2FC3-4537-9000-3C038D9C7E15}.Release|Any CPU.Deploy.0 = Release|Any CPU
		{D3E7A546-1510-475B-A074-BD1BAF656C0B}.Debug|Any CPU.ActiveCfg = Debug|Any CPU
		{D3E7A546-1510-475B-A074-BD1BAF656C0B}.Debug|Any CPU.Build.0 = Debug|Any CPU
		{D3E7A546-1510-475B-A074-BD1BAF656C0B}.Release|Any CPU.ActiveCfg = Release|Any CPU
		{D3E7A546-1510-475B-A074-BD1BAF656C0B}.Release|Any CPU.Build.0 = Release|Any CPU
		{CA20A1D0-EB74-4865-91A5-B420815CF57E}.Debug|Any CPU.ActiveCfg = Debug|Any CPU
		{CA20A1D0-EB74-4865-91A5-B420815CF57E}.Debug|Any CPU.Build.0 = Debug|Any CPU
		{CA20A1D0-EB74-4865-91A5-B420815CF57E}.Release|Any CPU.ActiveCfg = Release|Any CPU
		{CA20A1D0-EB74-4865-91A5-B420815CF57E}.Release|Any CPU.Build.0 = Release|Any CPU
		{A67D9F67-1784-4B82-9D25-EFFF57F051C8}.Debug|Any CPU.ActiveCfg = Debug|Any CPU
		{A67D9F67-1784-4B82-9D25-EFFF57F051C8}.Debug|Any CPU.Build.0 = Debug|Any CPU
		{A67D9F67-1784-4B82-9D25-EFFF57F051C8}.Release|Any CPU.ActiveCfg = Release|Any CPU
		{A67D9F67-1784-4B82-9D25-EFFF57F051C8}.Release|Any CPU.Build.0 = Release|Any CPU
		{3CBAB64E-9142-4173-9E2A-D76B6717795C}.Debug|Any CPU.ActiveCfg = Debug|Any CPU
		{3CBAB64E-9142-4173-9E2A-D76B6717795C}.Debug|Any CPU.Build.0 = Debug|Any CPU
		{3CBAB64E-9142-4173-9E2A-D76B6717795C}.Release|Any CPU.ActiveCfg = Release|Any CPU
		{3CBAB64E-9142-4173-9E2A-D76B6717795C}.Release|Any CPU.Build.0 = Release|Any CPU
		{04EBA470-1DA9-42BD-AED9-E03C29E4E658}.Debug|Any CPU.ActiveCfg = Debug|Any CPU
		{04EBA470-1DA9-42BD-AED9-E03C29E4E658}.Debug|Any CPU.Build.0 = Debug|Any CPU
		{04EBA470-1DA9-42BD-AED9-E03C29E4E658}.Release|Any CPU.ActiveCfg = Release|Any CPU
		{04EBA470-1DA9-42BD-AED9-E03C29E4E658}.Release|Any CPU.Build.0 = Release|Any CPU
		{B8F1546C-0A3C-41FC-BD72-0A55D7C69B5D}.Debug|Any CPU.ActiveCfg = Debug|Any CPU
		{B8F1546C-0A3C-41FC-BD72-0A55D7C69B5D}.Debug|Any CPU.Build.0 = Debug|Any CPU
		{B8F1546C-0A3C-41FC-BD72-0A55D7C69B5D}.Release|Any CPU.ActiveCfg = Release|Any CPU
		{B8F1546C-0A3C-41FC-BD72-0A55D7C69B5D}.Release|Any CPU.Build.0 = Release|Any CPU
		{3893818B-08BF-4BF2-87C3-05D25167593C}.Debug|Any CPU.ActiveCfg = Debug|Any CPU
		{3893818B-08BF-4BF2-87C3-05D25167593C}.Debug|Any CPU.Build.0 = Debug|Any CPU
		{3893818B-08BF-4BF2-87C3-05D25167593C}.Release|Any CPU.ActiveCfg = Release|Any CPU
		{3893818B-08BF-4BF2-87C3-05D25167593C}.Release|Any CPU.Build.0 = Release|Any CPU
	EndGlobalSection
	GlobalSection(SolutionProperties) = preSolution
		HideSolutionNode = FALSE
	EndGlobalSection
	GlobalSection(ExtensibilityGlobals) = postSolution
		SolutionGuid = {8073DB3F-5A93-4BF4-A1EE-529ABB40D0F1}
	EndGlobalSection
EndGlobal
