
Microsoft Visual Studio Solution File, Format Version 12.00
# Visual Studio Version 17
VisualStudioVersion = 17.13.35931.197
MinimumVisualStudioVersion = 10.0.40219.1
Project("{FAE04EC0-301F-11D3-BF4B-00C04F79EFBC}") = "BestApp.X.Droid", "BestApp.Droid\BestApp.X.Droid.csproj", "{682CEABF-2FC3-4537-9000-3C038D9C7E15}"
EndProject
Project("{FAE04EC0-301F-11D3-BF4B-00C04F79EFBC}") = "BestApp.Abstraction.Main", "BestApp.Abstraction\BestApp.Abstraction.Main.csproj", "{D3E7A546-1510-475B-A074-BD1BAF656C0B}"
EndProject
Project("{FAE04EC0-301F-11D3-BF4B-00C04F79EFBC}") = "BestApp.Abstraction.Domain", "BestApp.Domain\BestApp.Abstraction.Domain.csproj", "{CA20A1D0-EB74-4865-91A5-B420815CF57E}"
EndProject
Project("{FAE04EC0-301F-11D3-BF4B-00C04F79EFBC}") = "BestApp.Impl.Cross", "BestApp.Impl\BestApp.Impl.Cross.csproj", "{A67D9F67-1784-4B82-9D25-EFFF57F051C8}"
EndProject
Project("{FAE04EC0-301F-11D3-BF4B-00C04F79EFBC}") = "BestApp.ViewModels", "BestApp.ViewModels\BestApp.ViewModels.csproj", "{3CBAB64E-9142-4173-9E2A-D76B6717795C}"
EndProject
Project("{FAE04EC0-301F-11D3-BF4B-00C04F79EFBC}") = "UnitTest.ServiceImpl", "UnitTest.ServiceImpl\UnitTest.ServiceImpl.csproj", "{3893818B-08BF-4BF2-87C3-05D25167593C}"
EndProject
Project("{FAE04EC0-301F-11D3-BF4B-00C04F79EFBC}") = "UnitTest.ViewModel", "UnitTest.ViewModel\UnitTest.ViewModel.csproj", "{056B52F5-8652-4B8C-8FBB-0D93A1957D7E}"
EndProject
Project("{2150E333-8FDC-42A3-9474-1A3956D46DE8}") = "Abstractions", "Abstractions", "{02EA681E-C7D8-13C7-8484-4AC65E1B71E8}"
EndProject
Project("{2150E333-8FDC-42A3-9474-1A3956D46DE8}") = "_UnitTest", "_UnitTest", "{CFA2FA68-05B6-4EA1-A0CB-B1D904F7EE57}"
EndProject
Project("{FAE04EC0-301F-11D3-BF4B-00C04F79EFBC}") = "UnitTest.InfrasImpl", "UnitTest.InfrasImpl\UnitTest.InfrasImpl.csproj", "{2062799B-0899-4FAC-9505-E0277B4403E1}"
EndProject
Project("{2150E333-8FDC-42A3-9474-1A3956D46DE8}") = "Impl", "Impl", "{1DEC302E-A671-4951-874E-CA219860B5A9}"
EndProject
Project("{FAE04EC0-301F-11D3-BF4B-00C04F79EFBC}") = "IntegrationTest", "IntegrationTest\IntegrationTest.csproj", "{03730BDA-81CF-487B-B4F8-DB0006224D32}"
EndProject
Project("{2150E333-8FDC-42A3-9474-1A3956D46DE8}") = "_Base", "_Base", "{EEB322A4-1C26-47E2-8FEA-80E8713B2784}"
EndProject
Project("{FAE04EC0-301F-11D3-BF4B-00C04F79EFBC}") = "Base.Aspect", "Base\Base.Aspect\Base.Aspect.csproj", "{6CB240DF-5EAE-00CA-968B-C54296893149}"
EndProject
Project("{FAE04EC0-301F-11D3-BF4B-00C04F79EFBC}") = "Base.Impl", "Base\Base.Impl\Base.Impl.csproj", "{4612349F-AE4F-751C-0C3C-F61B775903A7}"
EndProject
Project("{FAE04EC0-301F-11D3-BF4B-00C04F79EFBC}") = "Base.Abstractions", "Base\Base.Infrastructures.Abstractions\Base.Abstractions.csproj", "{72A35C19-E10B-2521-9A40-CA6E94878F3A}"
EndProject
Project("{FAE04EC0-301F-11D3-BF4B-00C04F79EFBC}") = "Base.MVVM", "Base\Base.MVVM\Base.MVVM.csproj", "{F25103FA-F63A-2359-EA1E-C618671216D9}"
EndProject
Project("{FAE04EC0-301F-11D3-BF4B-00C04F79EFBC}") = "Base.Impl.Droid", "Base\Base.Impl.Droid\Base.Impl.Droid.csproj", "{40FF9CAE-E004-4255-3C5F-D5F093D6BAF1}"
EndProject
Project("{FAE04EC0-301F-11D3-BF4B-00C04F79EFBC}") = "Base.Impl.iOS", "Base\Base.Impl.iOS\Base.Impl.iOS.csproj", "{E681AB03-16BC-0392-7618-29B68764CED0}"
EndProject
Project("{FAE04EC0-301F-11D3-BF4B-00C04F79EFBC}") = "BestApp.Impl.Droid", "BestApp.Impl.Droid\BestApp.Impl.Droid.csproj", "{F11AC89B-5178-46E5-A988-AE532498846C}"
EndProject
Project("{FAE04EC0-301F-11D3-BF4B-00C04F79EFBC}") = "BestApp.Impl.iOS", "BestApp.Impl.iOS\BestApp.Impl.iOS.csproj", "{C36FF822-5BCF-41BF-B1D0-167A7C46D143}"
EndProject
Global
	GlobalSection(SolutionConfigurationPlatforms) = preSolution
		Debug|Any CPU = Debug|Any CPU
		Release|Any CPU = Release|Any CPU
	EndGlobalSection
	GlobalSection(ProjectConfigurationPlatforms) = postSolution
		{682CEABF-2FC3-4537-9000-3C038D9C7E15}.Debug|Any CPU.ActiveCfg = Debug|Any CPU
		{682CEABF-2FC3-4537-9000-3C038D9C7E15}.Debug|Any CPU.Build.0 = Debug|Any CPU
		{682CEABF-2FC3-4537-9000-3C038D9C7E15}.Debug|Any CPU.Deploy.0 = Debug|Any CPU
		{682CEABF-2FC3-4537-9000-3C038D9C7E15}.Release|Any CPU.ActiveCfg = Release|Any CPU
		{682CEABF-2FC3-4537-9000-3C038D9C7E15}.Release|Any CPU.Build.0 = Release|Any CPU
		{682CEABF-2FC3-4537-9000-3C038D9C7E15}.Release|Any CPU.Deploy.0 = Release|Any CPU
		{D3E7A546-1510-475B-A074-BD1BAF656C0B}.Debug|Any CPU.ActiveCfg = Debug|Any CPU
		{D3E7A546-1510-475B-A074-BD1BAF656C0B}.Debug|Any CPU.Build.0 = Debug|Any CPU
		{D3E7A546-1510-475B-A074-BD1BAF656C0B}.Release|Any CPU.ActiveCfg = Release|Any CPU
		{D3E7A546-1510-475B-A074-BD1BAF656C0B}.Release|Any CPU.Build.0 = Release|Any CPU
		{CA20A1D0-EB74-4865-91A5-B420815CF57E}.Debug|Any CPU.ActiveCfg = Debug|Any CPU
		{CA20A1D0-EB74-4865-91A5-B420815CF57E}.Debug|Any CPU.Build.0 = Debug|Any CPU
		{CA20A1D0-EB74-4865-91A5-B420815CF57E}.Release|Any CPU.ActiveCfg = Release|Any CPU
		{CA20A1D0-EB74-4865-91A5-B420815CF57E}.Release|Any CPU.Build.0 = Release|Any CPU
		{A67D9F67-1784-4B82-9D25-EFFF57F051C8}.Debug|Any CPU.ActiveCfg = Debug|Any CPU
		{A67D9F67-1784-4B82-9D25-EFFF57F051C8}.Debug|Any CPU.Build.0 = Debug|Any CPU
		{A67D9F67-1784-4B82-9D25-EFFF57F051C8}.Release|Any CPU.ActiveCfg = Release|Any CPU
		{A67D9F67-1784-4B82-9D25-EFFF57F051C8}.Release|Any CPU.Build.0 = Release|Any CPU
		{3CBAB64E-9142-4173-9E2A-D76B6717795C}.Debug|Any CPU.ActiveCfg = Debug|Any CPU
		{3CBAB64E-9142-4173-9E2A-D76B6717795C}.Debug|Any CPU.Build.0 = Debug|Any CPU
		{3CBAB64E-9142-4173-9E2A-D76B6717795C}.Release|Any CPU.ActiveCfg = Release|Any CPU
		{3CBAB64E-9142-4173-9E2A-D76B6717795C}.Release|Any CPU.Build.0 = Release|Any CPU
		{3893818B-08BF-4BF2-87C3-05D25167593C}.Debug|Any CPU.ActiveCfg = Debug|Any CPU
		{3893818B-08BF-4BF2-87C3-05D25167593C}.Debug|Any CPU.Build.0 = Debug|Any CPU
		{3893818B-08BF-4BF2-87C3-05D25167593C}.Release|Any CPU.ActiveCfg = Release|Any CPU
		{3893818B-08BF-4BF2-87C3-05D25167593C}.Release|Any CPU.Build.0 = Release|Any CPU
		{056B52F5-8652-4B8C-8FBB-0D93A1957D7E}.Debug|Any CPU.ActiveCfg = Debug|Any CPU
		{056B52F5-8652-4B8C-8FBB-0D93A1957D7E}.Debug|Any CPU.Build.0 = Debug|Any CPU
		{056B52F5-8652-4B8C-8FBB-0D93A1957D7E}.Release|Any CPU.ActiveCfg = Release|Any CPU
		{056B52F5-8652-4B8C-8FBB-0D93A1957D7E}.Release|Any CPU.Build.0 = Release|Any CPU
		{2062799B-0899-4FAC-9505-E0277B4403E1}.Debug|Any CPU.ActiveCfg = Debug|Any CPU
		{2062799B-0899-4FAC-9505-E0277B4403E1}.Debug|Any CPU.Build.0 = Debug|Any CPU
		{2062799B-0899-4FAC-9505-E0277B4403E1}.Release|Any CPU.ActiveCfg = Release|Any CPU
		{2062799B-0899-4FAC-9505-E0277B4403E1}.Release|Any CPU.Build.0 = Release|Any CPU
		{03730BDA-81CF-487B-B4F8-DB0006224D32}.Debug|Any CPU.ActiveCfg = Debug|Any CPU
		{03730BDA-81CF-487B-B4F8-DB0006224D32}.Debug|Any CPU.Build.0 = Debug|Any CPU
		{03730BDA-81CF-487B-B4F8-DB0006224D32}.Release|Any CPU.ActiveCfg = Release|Any CPU
		{03730BDA-81CF-487B-B4F8-DB0006224D32}.Release|Any CPU.Build.0 = Release|Any CPU
		{6CB240DF-5EAE-00CA-968B-C54296893149}.Debug|Any CPU.ActiveCfg = Debug|Any CPU
		{6CB240DF-5EAE-00CA-968B-C54296893149}.Debug|Any CPU.Build.0 = Debug|Any CPU
		{6CB240DF-5EAE-00CA-968B-C54296893149}.Release|Any CPU.ActiveCfg = Release|Any CPU
		{6CB240DF-5EAE-00CA-968B-C54296893149}.Release|Any CPU.Build.0 = Release|Any CPU
		{4612349F-AE4F-751C-0C3C-F61B775903A7}.Debug|Any CPU.ActiveCfg = Debug|Any CPU
		{4612349F-AE4F-751C-0C3C-F61B775903A7}.Debug|Any CPU.Build.0 = Debug|Any CPU
		{4612349F-AE4F-751C-0C3C-F61B775903A7}.Release|Any CPU.ActiveCfg = Release|Any CPU
		{4612349F-AE4F-751C-0C3C-F61B775903A7}.Release|Any CPU.Build.0 = Release|Any CPU
		{72A35C19-E10B-2521-9A40-CA6E94878F3A}.Debug|Any CPU.ActiveCfg = Debug|Any CPU
		{72A35C19-E10B-2521-9A40-CA6E94878F3A}.Debug|Any CPU.Build.0 = Debug|Any CPU
		{72A35C19-E10B-2521-9A40-CA6E94878F3A}.Release|Any CPU.ActiveCfg = Release|Any CPU
		{72A35C19-E10B-2521-9A40-CA6E94878F3A}.Release|Any CPU.Build.0 = Release|Any CPU
		{F25103FA-F63A-2359-EA1E-C618671216D9}.Debug|Any CPU.ActiveCfg = Debug|Any CPU
		{F25103FA-F63A-2359-EA1E-C618671216D9}.Debug|Any CPU.Build.0 = Debug|Any CPU
		{F25103FA-F63A-2359-EA1E-C618671216D9}.Release|Any CPU.ActiveCfg = Release|Any CPU
		{F25103FA-F63A-2359-EA1E-C618671216D9}.Release|Any CPU.Build.0 = Release|Any CPU
		{40FF9CAE-E004-4255-3C5F-D5F093D6BAF1}.Debug|Any CPU.ActiveCfg = Debug|Any CPU
		{40FF9CAE-E004-4255-3C5F-D5F093D6BAF1}.Debug|Any CPU.Build.0 = Debug|Any CPU
		{40FF9CAE-E004-4255-3C5F-D5F093D6BAF1}.Release|Any CPU.ActiveCfg = Release|Any CPU
		{40FF9CAE-E004-4255-3C5F-D5F093D6BAF1}.Release|Any CPU.Build.0 = Release|Any CPU
		{E681AB03-16BC-0392-7618-29B68764CED0}.Debug|Any CPU.ActiveCfg = Debug|Any CPU
		{E681AB03-16BC-0392-7618-29B68764CED0}.Debug|Any CPU.Build.0 = Debug|Any CPU
		{E681AB03-16BC-0392-7618-29B68764CED0}.Release|Any CPU.ActiveCfg = Release|Any CPU
		{E681AB03-16BC-0392-7618-29B68764CED0}.Release|Any CPU.Build.0 = Release|Any CPU
		{F11AC89B-5178-46E5-A988-AE532498846C}.Debug|Any CPU.ActiveCfg = Debug|Any CPU
		{F11AC89B-5178-46E5-A988-AE532498846C}.Debug|Any CPU.Build.0 = Debug|Any CPU
		{F11AC89B-5178-46E5-A988-AE532498846C}.Release|Any CPU.ActiveCfg = Release|Any CPU
		{F11AC89B-5178-46E5-A988-AE532498846C}.Release|Any CPU.Build.0 = Release|Any CPU
		{C36FF822-5BCF-41BF-B1D0-167A7C46D143}.Debug|Any CPU.ActiveCfg = Debug|Any CPU
		{C36FF822-5BCF-41BF-B1D0-167A7C46D143}.Debug|Any CPU.Build.0 = Debug|Any CPU
		{C36FF822-5BCF-41BF-B1D0-167A7C46D143}.Release|Any CPU.ActiveCfg = Release|Any CPU
		{C36FF822-5BCF-41BF-B1D0-167A7C46D143}.Release|Any CPU.Build.0 = Release|Any CPU
	EndGlobalSection
	GlobalSection(SolutionProperties) = preSolution
		HideSolutionNode = FALSE
	EndGlobalSection
	GlobalSection(NestedProjects) = preSolution
		{D3E7A546-1510-475B-A074-BD1BAF656C0B} = {02EA681E-C7D8-13C7-8484-4AC65E1B71E8}
		{CA20A1D0-EB74-4865-91A5-B420815CF57E} = {02EA681E-C7D8-13C7-8484-4AC65E1B71E8}
		{A67D9F67-1784-4B82-9D25-EFFF57F051C8} = {1DEC302E-A671-4951-874E-CA219860B5A9}
		{3893818B-08BF-4BF2-87C3-05D25167593C} = {CFA2FA68-05B6-4EA1-A0CB-B1D904F7EE57}
		{056B52F5-8652-4B8C-8FBB-0D93A1957D7E} = {CFA2FA68-05B6-4EA1-A0CB-B1D904F7EE57}
		{2062799B-0899-4FAC-9505-E0277B4403E1} = {CFA2FA68-05B6-4EA1-A0CB-B1D904F7EE57}
		{03730BDA-81CF-487B-B4F8-DB0006224D32} = {CFA2FA68-05B6-4EA1-A0CB-B1D904F7EE57}
		{6CB240DF-5EAE-00CA-968B-C54296893149} = {EEB322A4-1C26-47E2-8FEA-80E8713B2784}
		{4612349F-AE4F-751C-0C3C-F61B775903A7} = {EEB322A4-1C26-47E2-8FEA-80E8713B2784}
		{72A35C19-E10B-2521-9A40-CA6E94878F3A} = {EEB322A4-1C26-47E2-8FEA-80E8713B2784}
		{F25103FA-F63A-2359-EA1E-C618671216D9} = {EEB322A4-1C26-47E2-8FEA-80E8713B2784}
		{40FF9CAE-E004-4255-3C5F-D5F093D6BAF1} = {EEB322A4-1C26-47E2-8FEA-80E8713B2784}
		{E681AB03-16BC-0392-7618-29B68764CED0} = {EEB322A4-1C26-47E2-8FEA-80E8713B2784}
		{F11AC89B-5178-46E5-A988-AE532498846C} = {1DEC302E-A671-4951-874E-CA219860B5A9}
		{C36FF822-5BCF-41BF-B1D0-167A7C46D143} = {1DEC302E-A671-4951-874E-CA219860B5A9}
	EndGlobalSection
	GlobalSection(ExtensibilityGlobals) = postSolution
		SolutionGuid = {8073DB3F-5A93-4BF4-A1EE-529ABB40D0F1}
	EndGlobalSection
EndGlobal
